
Microsoft Visual Studio Solution File, Format Version 12.00
# Visual Studio Version 17
VisualStudioVersion = 17.3.32929.385
MinimumVisualStudioVersion = 10.0.40219.1
Project("{FAE04EC0-301F-11D3-BF4B-00C04F79EFBC}") = "CoderCsharp", "CoderCsharp\CoderCsharp.csproj", "{48F7888F-8FBE-48F3-B78D-C910B23B8859}"
EndProject
Global
	GlobalSection(SolutionConfigurationPlatforms) = preSolution
		Debug|Any CPU = Debug|Any CPU
		Release|Any CPU = Release|Any CPU
	EndGlobalSection
	GlobalSection(ProjectConfigurationPlatforms) = postSolution
		{48F7888F-8FBE-48F3-B78D-C910B23B8859}.Debug|Any CPU.ActiveCfg = Debug|Any CPU
		{48F7888F-8FBE-48F3-B78D-C910B23B8859}.Debug|Any CPU.Build.0 = Debug|Any CPU
		{48F7888F-8FBE-48F3-B78D-C910B23B8859}.Release|Any CPU.ActiveCfg = Release|Any CPU
		{48F7888F-8FBE-48F3-B78D-C910B23B8859}.Release|Any CPU.Build.0 = Release|Any CPU
	EndGlobalSection
	GlobalSection(SolutionProperties) = preSolution
		HideSolutionNode = FALSE
	EndGlobalSection
	GlobalSection(ExtensibilityGlobals) = postSolution
		SolutionGuid = {F00F9B02-0F11-4966-B1A8-ED3E346C771B}
	EndGlobalSection
EndGlobal
